
Microsoft Visual Studio Solution File, Format Version 12.00
# Visual Studio 15
VisualStudioVersion = 15.0.26730.3
MinimumVisualStudioVersion = 10.0.40219.1
Project("{FAE04EC0-301F-11D3-BF4B-00C04F79EFBC}") = "cleanupvs2017", "cleanupvs2017.csproj", "{2D45C5DC-123D-44D3-9D6F-7F715F355D35}"
EndProject
Global
	GlobalSection(SolutionConfigurationPlatforms) = preSolution
		Debug|Any CPU = Debug|Any CPU
		Release|Any CPU = Release|Any CPU
	EndGlobalSection
	GlobalSection(ProjectConfigurationPlatforms) = postSolution
		{2D45C5DC-123D-44D3-9D6F-7F715F355D35}.Debug|Any CPU.ActiveCfg = Debug|Any CPU
		{2D45C5DC-123D-44D3-9D6F-7F715F355D35}.Debug|Any CPU.Build.0 = Debug|Any CPU
		{2D45C5DC-123D-44D3-9D6F-7F715F355D35}.Release|Any CPU.ActiveCfg = Release|Any CPU
		{2D45C5DC-123D-44D3-9D6F-7F715F355D35}.Release|Any CPU.Build.0 = Release|Any CPU
	EndGlobalSection
	GlobalSection(SolutionProperties) = preSolution
		HideSolutionNode = FALSE
	EndGlobalSection
	GlobalSection(ExtensibilityGlobals) = postSolution
		SolutionGuid = {A5F80137-0248-4604-8014-131C7A397E35}
	EndGlobalSection
EndGlobal
